
Microsoft Visual Studio Solution File, Format Version 12.00
# Visual Studio 15
VisualStudioVersion = 15.0.28307.757
MinimumVisualStudioVersion = 10.0.40219.1
Project("{FAE04EC0-301F-11D3-BF4B-00C04F79EFBC}") = "BinaryStringToDecimal", "BinaryStringToDecimal\BinaryStringToDecimal.csproj", "{C357534C-4518-4B2C-A910-E05DCC0F3765}"
EndProject
Project("{FAE04EC0-301F-11D3-BF4B-00C04F79EFBC}") = "BinaryStringToDecimalTest1", "BinaryStringToDecimalTest1\BinaryStringToDecimalTest1.csproj", "{20FBEF71-1656-4AB6-92B8-57D47C1F3317}"
EndProject
Global
	GlobalSection(SolutionConfigurationPlatforms) = preSolution
		Debug|Any CPU = Debug|Any CPU
		Release|Any CPU = Release|Any CPU
	EndGlobalSection
	GlobalSection(ProjectConfigurationPlatforms) = postSolution
		{C357534C-4518-4B2C-A910-E05DCC0F3765}.Debug|Any CPU.ActiveCfg = Debug|Any CPU
		{C357534C-4518-4B2C-A910-E05DCC0F3765}.Debug|Any CPU.Build.0 = Debug|Any CPU
		{C357534C-4518-4B2C-A910-E05DCC0F3765}.Release|Any CPU.ActiveCfg = Release|Any CPU
		{C357534C-4518-4B2C-A910-E05DCC0F3765}.Release|Any CPU.Build.0 = Release|Any CPU
		{20FBEF71-1656-4AB6-92B8-57D47C1F3317}.Debug|Any CPU.ActiveCfg = Debug|Any CPU
		{20FBEF71-1656-4AB6-92B8-57D47C1F3317}.Debug|Any CPU.Build.0 = Debug|Any CPU
		{20FBEF71-1656-4AB6-92B8-57D47C1F3317}.Release|Any CPU.ActiveCfg = Release|Any CPU
		{20FBEF71-1656-4AB6-92B8-57D47C1F3317}.Release|Any CPU.Build.0 = Release|Any CPU
	EndGlobalSection
	GlobalSection(SolutionProperties) = preSolution
		HideSolutionNode = FALSE
	EndGlobalSection
	GlobalSection(ExtensibilityGlobals) = postSolution
		SolutionGuid = {31E919A1-0FA5-4E19-A4CD-860D8FF371FF}
	EndGlobalSection
EndGlobal
